// !$*UTF8*$!
{
	archiveVersion = 1;
	classes = {
	};
	objectVersion = 50;
	objects = {

/* Begin PBXBuildFile section */
		AFD56FA1222EBB16005A5BAE /* AppDelegate.swift in Sources */ = {isa = PBXBuildFile; fileRef = AFD56FA0222EBB16005A5BAE /* AppDelegate.swift */; };
		AFD56FA3222EBB16005A5BAE /* DocumentBrowserViewController.swift in Sources */ = {isa = PBXBuildFile; fileRef = AFD56FA2222EBB16005A5BAE /* DocumentBrowserViewController.swift */; };
		AFD56FA7222EBB16005A5BAE /* EmojiArtDocument.swift in Sources */ = {isa = PBXBuildFile; fileRef = AFD56FA6222EBB16005A5BAE /* EmojiArtDocument.swift */; };
		AFD56FAA222EBB16005A5BAE /* Main.storyboard in Resources */ = {isa = PBXBuildFile; fileRef = AFD56FA8222EBB16005A5BAE /* Main.storyboard */; };
		AFD56FAC222EBB18005A5BAE /* Assets.xcassets in Resources */ = {isa = PBXBuildFile; fileRef = AFD56FAB222EBB18005A5BAE /* Assets.xcassets */; };
		AFD56FAF222EBB18005A5BAE /* LaunchScreen.storyboard in Resources */ = {isa = PBXBuildFile; fileRef = AFD56FAD222EBB18005A5BAE /* LaunchScreen.storyboard */; };
		AFD56FBC222EBEEB005A5BAE /* CollectionViewDragDelegate.swift in Sources */ = {isa = PBXBuildFile; fileRef = AFD56FB6222EBEEA005A5BAE /* CollectionViewDragDelegate.swift */; };
		AFD56FBD222EBEEB005A5BAE /* EmojiArt.swift in Sources */ = {isa = PBXBuildFile; fileRef = AFD56FB7222EBEEA005A5BAE /* EmojiArt.swift */; };
		AFD56FBE222EBEEB005A5BAE /* EmojiArtView.swift in Sources */ = {isa = PBXBuildFile; fileRef = AFD56FB8222EBEEA005A5BAE /* EmojiArtView.swift */; };
		AFD56FBF222EBEEB005A5BAE /* TextFieldCollectionViewCell.swift in Sources */ = {isa = PBXBuildFile; fileRef = AFD56FB9222EBEEB005A5BAE /* TextFieldCollectionViewCell.swift */; };
		AFD56FC0222EBEEB005A5BAE /* EmojiCollectionViewCell.swift in Sources */ = {isa = PBXBuildFile; fileRef = AFD56FBA222EBEEB005A5BAE /* EmojiCollectionViewCell.swift */; };
		AFD56FC1222EBEEB005A5BAE /* EmojiArtViewController.swift in Sources */ = {isa = PBXBuildFile; fileRef = AFD56FBB222EBEEB005A5BAE /* EmojiArtViewController.swift */; };
		AFD56FC3222EBF25005A5BAE /* Utilities.swift in Sources */ = {isa = PBXBuildFile; fileRef = AFD56FC2222EBF25005A5BAE /* Utilities.swift */; };
/* End PBXBuildFile section */

/* Begin PBXFileReference section */
		AFD56F9D222EBB16005A5BAE /* EmojiArt_Document.app */ = {isa = PBXFileReference; explicitFileType = wrapper.application; includeInIndex = 0; path = EmojiArt_Document.app; sourceTree = BUILT_PRODUCTS_DIR; };
		AFD56FA0222EBB16005A5BAE /* AppDelegate.swift */ = {isa = PBXFileReference; lastKnownFileType = sourcecode.swift; path = AppDelegate.swift; sourceTree = "<group>"; };
		AFD56FA2222EBB16005A5BAE /* DocumentBrowserViewController.swift */ = {isa = PBXFileReference; lastKnownFileType = sourcecode.swift; path = DocumentBrowserViewController.swift; sourceTree = "<group>"; };
		AFD56FA6222EBB16005A5BAE /* EmojiArtDocument.swift */ = {isa = PBXFileReference; lastKnownFileType = sourcecode.swift; path = EmojiArtDocument.swift; sourceTree = "<group>"; };
		AFD56FA9222EBB16005A5BAE /* Base */ = {isa = PBXFileReference; lastKnownFileType = file.storyboard; name = Base; path = Base.lproj/Main.storyboard; sourceTree = "<group>"; };
		AFD56FAB222EBB18005A5BAE /* Assets.xcassets */ = {isa = PBXFileReference; lastKnownFileType = folder.assetcatalog; path = Assets.xcassets; sourceTree = "<group>"; };
		AFD56FAE222EBB18005A5BAE /* Base */ = {isa = PBXFileReference; lastKnownFileType = file.storyboard; name = Base; path = Base.lproj/LaunchScreen.storyboard; sourceTree = "<group>"; };
		AFD56FB0222EBB18005A5BAE /* Info.plist */ = {isa = PBXFileReference; lastKnownFileType = text.plist.xml; path = Info.plist; sourceTree = "<group>"; };
		AFD56FB6222EBEEA005A5BAE /* CollectionViewDragDelegate.swift */ = {isa = PBXFileReference; fileEncoding = 4; lastKnownFileType = sourcecode.swift; path = CollectionViewDragDelegate.swift; sourceTree = "<group>"; };
		AFD56FB7222EBEEA005A5BAE /* EmojiArt.swift */ = {isa = PBXFileReference; fileEncoding = 4; lastKnownFileType = sourcecode.swift; path = EmojiArt.swift; sourceTree = "<group>"; };
		AFD56FB8222EBEEA005A5BAE /* EmojiArtView.swift */ = {isa = PBXFileReference; fileEncoding = 4; lastKnownFileType = sourcecode.swift; path = EmojiArtView.swift; sourceTree = "<group>"; };
		AFD56FB9222EBEEB005A5BAE /* TextFieldCollectionViewCell.swift */ = {isa = PBXFileReference; fileEncoding = 4; lastKnownFileType = sourcecode.swift; path = TextFieldCollectionViewCell.swift; sourceTree = "<group>"; };
		AFD56FBA222EBEEB005A5BAE /* EmojiCollectionViewCell.swift */ = {isa = PBXFileReference; fileEncoding = 4; lastKnownFileType = sourcecode.swift; path = EmojiCollectionViewCell.swift; sourceTree = "<group>"; };
		AFD56FBB222EBEEB005A5BAE /* EmojiArtViewController.swift */ = {isa = PBXFileReference; fileEncoding = 4; lastKnownFileType = sourcecode.swift; path = EmojiArtViewController.swift; sourceTree = "<group>"; };
		AFD56FC2222EBF25005A5BAE /* Utilities.swift */ = {isa = PBXFileReference; fileEncoding = 4; lastKnownFileType = sourcecode.swift; path = Utilities.swift; sourceTree = "<group>"; };
/* End PBXFileReference section */

/* Begin PBXFrameworksBuildPhase section */
		AFD56F9A222EBB16005A5BAE /* Frameworks */ = {
			isa = PBXFrameworksBuildPhase;
			buildActionMask = 2147483647;
			files = (
			);
			runOnlyForDeploymentPostprocessing = 0;
		};
/* End PBXFrameworksBuildPhase section */

/* Begin PBXGroup section */
		AFD56F94222EBB16005A5BAE = {
			isa = PBXGroup;
			children = (
				AFD56FB6222EBEEA005A5BAE /* CollectionViewDragDelegate.swift */,
				AFD56FB7222EBEEA005A5BAE /* EmojiArt.swift */,
				AFD56FB8222EBEEA005A5BAE /* EmojiArtView.swift */,
				AFD56FBB222EBEEB005A5BAE /* EmojiArtViewController.swift */,
				AFD56FBA222EBEEB005A5BAE /* EmojiCollectionViewCell.swift */,
				AFD56FB9222EBEEB005A5BAE /* TextFieldCollectionViewCell.swift */,
				AFD56FC2222EBF25005A5BAE /* Utilities.swift */,
				AFD56F9F222EBB16005A5BAE /* EmojiArt_Document */,
				AFD56F9E222EBB16005A5BAE /* Products */,
			);
			sourceTree = "<group>";
		};
		AFD56F9E222EBB16005A5BAE /* Products */ = {
			isa = PBXGroup;
			children = (
				AFD56F9D222EBB16005A5BAE /* EmojiArt_Document.app */,
			);
			name = Products;
			sourceTree = "<group>";
		};
		AFD56F9F222EBB16005A5BAE /* EmojiArt_Document */ = {
			isa = PBXGroup;
			children = (
				AFD56FA0222EBB16005A5BAE /* AppDelegate.swift */,
				AFD56FA2222EBB16005A5BAE /* DocumentBrowserViewController.swift */,
				AFD56FA6222EBB16005A5BAE /* EmojiArtDocument.swift */,
				AFD56FA8222EBB16005A5BAE /* Main.storyboard */,
				AFD56FAB222EBB18005A5BAE /* Assets.xcassets */,
				AFD56FAD222EBB18005A5BAE /* LaunchScreen.storyboard */,
				AFD56FB0222EBB18005A5BAE /* Info.plist */,
			);
			path = EmojiArt_Document;
			sourceTree = "<group>";
		};
/* End PBXGroup section */

/* Begin PBXNativeTarget section */
		AFD56F9C222EBB16005A5BAE /* EmojiArt_Document */ = {
			isa = PBXNativeTarget;
			buildConfigurationList = AFD56FB3222EBB18005A5BAE /* Build configuration list for PBXNativeTarget "EmojiArt_Document" */;
			buildPhases = (
				AFD56F99222EBB16005A5BAE /* Sources */,
				AFD56F9A222EBB16005A5BAE /* Frameworks */,
				AFD56F9B222EBB16005A5BAE /* Resources */,
			);
			buildRules = (
			);
			dependencies = (
			);
			name = EmojiArt_Document;
			productName = EmojiArt_Document;
			productReference = AFD56F9D222EBB16005A5BAE /* EmojiArt_Document.app */;
			productType = "com.apple.product-type.application";
		};
/* End PBXNativeTarget section */

/* Begin PBXProject section */
		AFD56F95222EBB16005A5BAE /* Project object */ = {
			isa = PBXProject;
			attributes = {
				LastSwiftUpdateCheck = 1010;
				LastUpgradeCheck = 1010;
				ORGANIZATIONNAME = "唐小雨";
				TargetAttributes = {
					AFD56F9C222EBB16005A5BAE = {
						CreatedOnToolsVersion = 10.1;
					};
				};
			};
			buildConfigurationList = AFD56F98222EBB16005A5BAE /* Build configuration list for PBXProject "EmojiArt_Document" */;
			compatibilityVersion = "Xcode 9.3";
			developmentRegion = en;
			hasScannedForEncodings = 0;
			knownRegions = (
				en,
				Base,
			);
			mainGroup = AFD56F94222EBB16005A5BAE;
			productRefGroup = AFD56F9E222EBB16005A5BAE /* Products */;
			projectDirPath = "";
			projectRoot = "";
			targets = (
				AFD56F9C222EBB16005A5BAE /* EmojiArt_Document */,
			);
		};
/* End PBXProject section */

/* Begin PBXResourcesBuildPhase section */
		AFD56F9B222EBB16005A5BAE /* Resources */ = {
			isa = PBXResourcesBuildPhase;
			buildActionMask = 2147483647;
			files = (
				AFD56FAF222EBB18005A5BAE /* LaunchScreen.storyboard in Resources */,
				AFD56FAC222EBB18005A5BAE /* Assets.xcassets in Resources */,
				AFD56FAA222EBB16005A5BAE /* Main.storyboard in Resources */,
			);
			runOnlyForDeploymentPostprocessing = 0;
		};
/* End PBXResourcesBuildPhase section */

/* Begin PBXSourcesBuildPhase section */
		AFD56F99222EBB16005A5BAE /* Sources */ = {
			isa = PBXSourcesBuildPhase;
			buildActionMask = 2147483647;
			files = (
				AFD56FBD222EBEEB005A5BAE /* EmojiArt.swift in Sources */,
				AFD56FC1222EBEEB005A5BAE /* EmojiArtViewController.swift in Sources */,
				AFD56FC3222EBF25005A5BAE /* Utilities.swift in Sources */,
				AFD56FA7222EBB16005A5BAE /* EmojiArtDocument.swift in Sources */,
				AFD56FA3222EBB16005A5BAE /* DocumentBrowserViewController.swift in Sources */,
				AFD56FBF222EBEEB005A5BAE /* TextFieldCollectionViewCell.swift in Sources */,
				AFD56FBE222EBEEB005A5BAE /* EmojiArtView.swift in Sources */,
				AFD56FA1222EBB16005A5BAE /* AppDelegate.swift in Sources */,
				AFD56FC0222EBEEB005A5BAE /* EmojiCollectionViewCell.swift in Sources */,
				AFD56FBC222EBEEB005A5BAE /* CollectionViewDragDelegate.swift in Sources */,
			);
			runOnlyForDeploymentPostprocessing = 0;
		};
/* End PBXSourcesBuildPhase section */

/* Begin PBXVariantGroup section */
		AFD56FA8222EBB16005A5BAE /* Main.storyboard */ = {
			isa = PBXVariantGroup;
			children = (
				AFD56FA9222EBB16005A5BAE /* Base */,
			);
			name = Main.storyboard;
			sourceTree = "<group>";
		};
		AFD56FAD222EBB18005A5BAE /* LaunchScreen.storyboard */ = {
			isa = PBXVariantGroup;
			children = (
				AFD56FAE222EBB18005A5BAE /* Base */,
			);
			name = LaunchScreen.storyboard;
			sourceTree = "<group>";
		};
/* End PBXVariantGroup section */

/* Begin XCBuildConfiguration section */
		AFD56FB1222EBB18005A5BAE /* Debug */ = {
			isa = XCBuildConfiguration;
			buildSettings = {
				ALWAYS_SEARCH_USER_PATHS = NO;
				CLANG_ANALYZER_NONNULL = YES;
				CLANG_ANALYZER_NUMBER_OBJECT_CONVERSION = YES_AGGRESSIVE;
				CLANG_CXX_LANGUAGE_STANDARD = "gnu++14";
				CLANG_CXX_LIBRARY = "libc++";
				CLANG_ENABLE_MODULES = YES;
				CLANG_ENABLE_OBJC_ARC = YES;
				CLANG_ENABLE_OBJC_WEAK = YES;
				CLANG_WARN_BLOCK_CAPTURE_AUTORELEASING = YES;
				CLANG_WARN_BOOL_CONVERSION = YES;
				CLANG_WARN_COMMA = YES;
				CLANG_WARN_CONSTANT_CONVERSION = YES;
				CLANG_WARN_DEPRECATED_OBJC_IMPLEMENTATIONS = YES;
				CLANG_WARN_DIRECT_OBJC_ISA_USAGE = YES_ERROR;
				CLANG_WARN_DOCUMENTATION_COMMENTS = YES;
				CLANG_WARN_EMPTY_BODY = YES;
				CLANG_WARN_ENUM_CONVERSION = YES;
				CLANG_WARN_INFINITE_RECURSION = YES;
				CLANG_WARN_INT_CONVERSION = YES;
				CLANG_WARN_NON_LITERAL_NULL_CONVERSION = YES;
				CLANG_WARN_OBJC_IMPLICIT_RETAIN_SELF = YES;
				CLANG_WARN_OBJC_LITERAL_CONVERSION = YES;
				CLANG_WARN_OBJC_ROOT_CLASS = YES_ERROR;
				CLANG_WARN_RANGE_LOOP_ANALYSIS = YES;
				CLANG_WARN_STRICT_PROTOTYPES = YES;
				CLANG_WARN_SUSPICIOUS_MOVE = YES;
				CLANG_WARN_UNGUARDED_AVAILABILITY = YES_AGGRESSIVE;
				CLANG_WARN_UNREACHABLE_CODE = YES;
				CLANG_WARN__DUPLICATE_METHOD_MATCH = YES;
				CODE_SIGN_IDENTITY = "iPhone Developer";
				COPY_PHASE_STRIP = NO;
				DEBUG_INFORMATION_FORMAT = dwarf;
				ENABLE_STRICT_OBJC_MSGSEND = YES;
				ENABLE_TESTABILITY = YES;
				GCC_C_LANGUAGE_STANDARD = gnu11;
				GCC_DYNAMIC_NO_PIC = NO;
				GCC_NO_COMMON_BLOCKS = YES;
				GCC_OPTIMIZATION_LEVEL = 0;
				GCC_PREPROCESSOR_DEFINITIONS = (
					"DEBUG=1",
					"$(inherited)",
				);
				GCC_WARN_64_TO_32_BIT_CONVERSION = YES;
				GCC_WARN_ABOUT_RETURN_TYPE = YES_ERROR;
				GCC_WARN_UNDECLARED_SELECTOR = YES;
				GCC_WARN_UNINITIALIZED_AUTOS = YES_AGGRESSIVE;
				GCC_WARN_UNUSED_FUNCTION = YES;
				GCC_WARN_UNUSED_VARIABLE = YES;
				IPHONEOS_DEPLOYMENT_TARGET = 12.1;
				MTL_ENABLE_DEBUG_INFO = INCLUDE_SOURCE;
				MTL_FAST_MATH = YES;
				ONLY_ACTIVE_ARCH = YES;
				SDKROOT = iphoneos;
				SWIFT_ACTIVE_COMPILATION_CONDITIONS = DEBUG;
				SWIFT_OPTIMIZATION_LEVEL = "-Onone";
			};
			name = Debug;
		};
		AFD56FB2222EBB18005A5BAE /* Release */ = {
			isa = XCBuildConfiguration;
			buildSettings = {
				ALWAYS_SEARCH_USER_PATHS = NO;
				CLANG_ANALYZER_NONNULL = YES;
				CLANG_ANALYZER_NUMBER_OBJECT_CONVERSION = YES_AGGRESSIVE;
				CLANG_CXX_LANGUAGE_STANDARD = "gnu++14";
				CLANG_CXX_LIBRARY = "libc++";
				CLANG_ENABLE_MODULES = YES;
				CLANG_ENABLE_OBJC_ARC = YES;
				CLANG_ENABLE_OBJC_WEAK = YES;
				CLANG_WARN_BLOCK_CAPTURE_AUTORELEASING = YES;
				CLANG_WARN_BOOL_CONVERSION = YES;
				CLANG_WARN_COMMA = YES;
				CLANG_WARN_CONSTANT_CONVERSION = YES;
				CLANG_WARN_DEPRECATED_OBJC_IMPLEMENTATIONS = YES;
				CLANG_WARN_DIRECT_OBJC_ISA_USAGE = YES_ERROR;
				CLANG_WARN_DOCUMENTATION_COMMENTS = YES;
				CLANG_WARN_EMPTY_BODY = YES;
				CLANG_WARN_ENUM_CONVERSION = YES;
				CLANG_WARN_INFINITE_RECURSION = YES;
				CLANG_WARN_INT_CONVERSION = YES;
				CLANG_WARN_NON_LITERAL_NULL_CONVERSION = YES;
				CLANG_WARN_OBJC_IMPLICIT_RETAIN_SELF = YES;
				CLANG_WARN_OBJC_LITERAL_CONVERSION = YES;
				CLANG_WARN_OBJC_ROOT_CLASS = YES_ERROR;
				CLANG_WARN_RANGE_LOOP_ANALYSIS = YES;
				CLANG_WARN_STRICT_PROTOTYPES = YES;
				CLANG_WARN_SUSPICIOUS_MOVE = YES;
				CLANG_WARN_UNGUARDED_AVAILABILITY = YES_AGGRESSIVE;
				CLANG_WARN_UNREACHABLE_CODE = YES;
				CLANG_WARN__DUPLICATE_METHOD_MATCH = YES;
				CODE_SIGN_IDENTITY = "iPhone Developer";
				COPY_PHASE_STRIP = NO;
				DEBUG_INFORMATION_FORMAT = "dwarf-with-dsym";
				ENABLE_NS_ASSERTIONS = NO;
				ENABLE_STRICT_OBJC_MSGSEND = YES;
				GCC_C_LANGUAGE_STANDARD = gnu11;
				GCC_NO_COMMON_BLOCKS = YES;
				GCC_WARN_64_TO_32_BIT_CONVERSION = YES;
				GCC_WARN_ABOUT_RETURN_TYPE = YES_ERROR;
				GCC_WARN_UNDECLARED_SELECTOR = YES;
				GCC_WARN_UNINITIALIZED_AUTOS = YES_AGGRESSIVE;
				GCC_WARN_UNUSED_FUNCTION = YES;
				GCC_WARN_UNUSED_VARIABLE = YES;
				IPHONEOS_DEPLOYMENT_TARGET = 12.1;
				MTL_ENABLE_DEBUG_INFO = NO;
				MTL_FAST_MATH = YES;
				SDKROOT = iphoneos;
				SWIFT_COMPILATION_MODE = wholemodule;
				SWIFT_OPTIMIZATION_LEVEL = "-O";
				VALIDATE_PRODUCT = YES;
			};
			name = Release;
		};
		AFD56FB4222EBB18005A5BAE /* Debug */ = {
			isa = XCBuildConfiguration;
			buildSettings = {
				ASSETCATALOG_COMPILER_APPICON_NAME = AppIcon;
				CODE_SIGN_STYLE = Automatic;
				DEVELOPMENT_TEAM = 6U26B3MGWL;
				INFOPLIST_FILE = EmojiArt_Document/Info.plist;
				LD_RUNPATH_SEARCH_PATHS = (
					"$(inherited)",
					"@executable_path/Frameworks",
				);
				PRODUCT_BUNDLE_IDENTIFIER = "TangXiaoYu.EmojiArt-Document";
				PRODUCT_NAME = "$(TARGET_NAME)";
				SWIFT_VERSION = 4.2;
				TARGETED_DEVICE_FAMILY = "1,2";
			};
			name = Debug;
		};
		AFD56FB5222EBB18005A5BAE /* Release */ = {
			isa = XCBuildConfiguration;
			buildSettings = {
				ASSETCATALOG_COMPILER_APPICON_NAME = AppIcon;
				CODE_SIGN_STYLE = Automatic;
				DEVELOPMENT_TEAM = 6U26B3MGWL;
				INFOPLIST_FILE = EmojiArt_Document/Info.plist;
				LD_RUNPATH_SEARCH_PATHS = (
					"$(inherited)",
					"@executable_path/Frameworks",
				);
				PRODUCT_BUNDLE_IDENTIFIER = "TangXiaoYu.EmojiArt-Document";
				PRODUCT_NAME = "$(TARGET_NAME)";
				SWIFT_VERSION = 4.2;
				TARGETED_DEVICE_FAMILY = "1,2";
			};
			name = Release;
		};
/* End XCBuildConfiguration section */

/* Begin XCConfigurationList section */
		AFD56F98222EBB16005A5BAE /* Build configuration list for PBXProject "EmojiArt_Document" */ = {
			isa = XCConfigurationList;
			buildConfigurations = (
				AFD56FB1222EBB18005A5BAE /* Debug */,
				AFD56FB2222EBB18005A5BAE /* Release */,
			);
			defaultConfigurationIsVisible = 0;
			defaultConfigurationName = Release;
		};
		AFD56FB3222EBB18005A5BAE /* Build configuration list for PBXNativeTarget "EmojiArt_Document" */ = {
			isa = XCConfigurationList;
			buildConfigurations = (
				AFD56FB4222EBB18005A5BAE /* Debug */,
				AFD56FB5222EBB18005A5BAE /* Release */,
			);
			defaultConfigurationIsVisible = 0;
			defaultConfigurationName = Release;
		};
/* End XCConfigurationList section */
	};
	rootObject = AFD56F95222EBB16005A5BAE /* Project object */;
}
